// !$*UTF8*$!
{
	archiveVersion = 1;
	classes = {
	};
	objectVersion = 77;
	objects = {

/* Begin PBXContainerItemProxy section */
		522E00632D35D3A60068F13C /* PBXContainerItemProxy */ = {
			isa = PBXContainerItemProxy;
			containerPortal = 522E004A2D35D3A40068F13C /* Project object */;
			proxyType = 1;
			remoteGlobalIDString = 522E00512D35D3A50068F13C;
			remoteInfo = "Equipe 13 Lembretes APP";
		};
		522E006D2D35D3A60068F13C /* PBXContainerItemProxy */ = {
			isa = PBXContainerItemProxy;
			containerPortal = 522E004A2D35D3A40068F13C /* Project object */;
			proxyType = 1;
			remoteGlobalIDString = 522E00512D35D3A50068F13C;
			remoteInfo = "Equipe 13 Lembretes APP";
		};
/* End PBXContainerItemProxy section */

/* Begin PBXFileReference section */
		522E00522D35D3A50068F13C /* Equipe 13 Lembretes APP.app */ = {isa = PBXFileReference; explicitFileType = wrapper.application; includeInIndex = 0; path = "Equipe 13 Lembretes APP.app"; sourceTree = BUILT_PRODUCTS_DIR; };
		522E00622D35D3A60068F13C /* Equipe 13 Lembretes APPTests.xctest */ = {isa = PBXFileReference; explicitFileType = wrapper.cfbundle; includeInIndex = 0; path = "Equipe 13 Lembretes APPTests.xctest"; sourceTree = BUILT_PRODUCTS_DIR; };
		522E006C2D35D3A60068F13C /* Equipe 13 Lembretes APPUITests.xctest */ = {isa = PBXFileReference; explicitFileType = wrapper.cfbundle; includeInIndex = 0; path = "Equipe 13 Lembretes APPUITests.xctest"; sourceTree = BUILT_PRODUCTS_DIR; };
/* End PBXFileReference section */

/* Begin PBXFileSystemSynchronizedRootGroup section */
		522E00542D35D3A50068F13C /* Equipe 13 Lembretes APP */ = {
			isa = PBXFileSystemSynchronizedRootGroup;
			path = "Equipe 13 Lembretes APP";
			sourceTree = "<group>";
		};
		522E00652D35D3A60068F13C /* Equipe 13 Lembretes APPTests */ = {
			isa = PBXFileSystemSynchronizedRootGroup;
			path = "Equipe 13 Lembretes APPTests";
			sourceTree = "<group>";
		};
		522E006F2D35D3A60068F13C /* Equipe 13 Lembretes APPUITests */ = {
			isa = PBXFileSystemSynchronizedRootGroup;
			path = "Equipe 13 Lembretes APPUITests";
			sourceTree = "<group>";
		};
/* End PBXFileSystemSynchronizedRootGroup section */

/* Begin PBXFrameworksBuildPhase section */
		522E004F2D35D3A50068F13C /* Frameworks */ = {
			isa = PBXFrameworksBuildPhase;
			buildActionMask = 2147483647;
			files = (
			);
			runOnlyForDeploymentPostprocessing = 0;
		};
		522E005F2D35D3A60068F13C /* Frameworks */ = {
			isa = PBXFrameworksBuildPhase;
			buildActionMask = 2147483647;
			files = (
			);
			runOnlyForDeploymentPostprocessing = 0;
		};
		522E00692D35D3A60068F13C /* Frameworks */ = {
			isa = PBXFrameworksBuildPhase;
			buildActionMask = 2147483647;
			files = (
			);
			runOnlyForDeploymentPostprocessing = 0;
		};
/* End PBXFrameworksBuildPhase section */

/* Begin PBXGroup section */
		522E00492D35D3A40068F13C = {
			isa = PBXGroup;
			children = (
				522E00542D35D3A50068F13C /* Equipe 13 Lembretes APP */,
				522E00652D35D3A60068F13C /* Equipe 13 Lembretes APPTests */,
				522E006F2D35D3A60068F13C /* Equipe 13 Lembretes APPUITests */,
				522E00532D35D3A50068F13C /* Products */,
			);
			sourceTree = "<group>";
		};
		522E00532D35D3A50068F13C /* Products */ = {
			isa = PBXGroup;
			children = (
				522E00522D35D3A50068F13C /* Equipe 13 Lembretes APP.app */,
				522E00622D35D3A60068F13C /* Equipe 13 Lembretes APPTests.xctest */,
				522E006C2D35D3A60068F13C /* Equipe 13 Lembretes APPUITests.xctest */,
			);
			name = Products;
			sourceTree = "<group>";
		};
/* End PBXGroup section */

/* Begin PBXNativeTarget section */
		522E00512D35D3A50068F13C /* Equipe 13 Lembretes APP */ = {
			isa = PBXNativeTarget;
			buildConfigurationList = 522E00762D35D3A60068F13C /* Build configuration list for PBXNativeTarget "Equipe 13 Lembretes APP" */;
			buildPhases = (
				522E004E2D35D3A50068F13C /* Sources */,
				522E004F2D35D3A50068F13C /* Frameworks */,
				522E00502D35D3A50068F13C /* Resources */,
			);
			buildRules = (
			);
			dependencies = (
			);
			fileSystemSynchronizedGroups = (
				522E00542D35D3A50068F13C /* Equipe 13 Lembretes APP */,
			);
			name = "Equipe 13 Lembretes APP";
			packageProductDependencies = (
			);
			productName = "Equipe 13 Lembretes APP";
			productReference = 522E00522D35D3A50068F13C /* Equipe 13 Lembretes APP.app */;
			productType = "com.apple.product-type.application";
		};
		522E00612D35D3A60068F13C /* Equipe 13 Lembretes APPTests */ = {
			isa = PBXNativeTarget;
			buildConfigurationList = 522E00792D35D3A60068F13C /* Build configuration list for PBXNativeTarget "Equipe 13 Lembretes APPTests" */;
			buildPhases = (
				522E005E2D35D3A60068F13C /* Sources */,
				522E005F2D35D3A60068F13C /* Frameworks */,
				522E00602D35D3A60068F13C /* Resources */,
			);
			buildRules = (
			);
			dependencies = (
				522E00642D35D3A60068F13C /* PBXTargetDependency */,
			);
			fileSystemSynchronizedGroups = (
				522E00652D35D3A60068F13C /* Equipe 13 Lembretes APPTests */,
			);
			name = "Equipe 13 Lembretes APPTests";
			packageProductDependencies = (
			);
			productName = "Equipe 13 Lembretes APPTests";
			productReference = 522E00622D35D3A60068F13C /* Equipe 13 Lembretes APPTests.xctest */;
			productType = "com.apple.product-type.bundle.unit-test";
		};
		522E006B2D35D3A60068F13C /* Equipe 13 Lembretes APPUITests */ = {
			isa = PBXNativeTarget;
			buildConfigurationList = 522E007C2D35D3A60068F13C /* Build configuration list for PBXNativeTarget "Equipe 13 Lembretes APPUITests" */;
			buildPhases = (
				522E00682D35D3A60068F13C /* Sources */,
				522E00692D35D3A60068F13C /* Frameworks */,
				522E006A2D35D3A60068F13C /* Resources */,
			);
			buildRules = (
			);
			dependencies = (
				522E006E2D35D3A60068F13C /* PBXTargetDependency */,
			);
			fileSystemSynchronizedGroups = (
				522E006F2D35D3A60068F13C /* Equipe 13 Lembretes APPUITests */,
			);
			name = "Equipe 13 Lembretes APPUITests";
			packageProductDependencies = (
			);
			productName = "Equipe 13 Lembretes APPUITests";
			productReference = 522E006C2D35D3A60068F13C /* Equipe 13 Lembretes APPUITests.xctest */;
			productType = "com.apple.product-type.bundle.ui-testing";
		};
/* End PBXNativeTarget section */

/* Begin PBXProject section */
		522E004A2D35D3A40068F13C /* Project object */ = {
			isa = PBXProject;
			attributes = {
				BuildIndependentTargetsInParallel = 1;
				LastSwiftUpdateCheck = 1610;
				LastUpgradeCheck = 1610;
				TargetAttributes = {
					522E00512D35D3A50068F13C = {
						CreatedOnToolsVersion = 16.1;
					};
					522E00612D35D3A60068F13C = {
						CreatedOnToolsVersion = 16.1;
						TestTargetID = 522E00512D35D3A50068F13C;
					};
					522E006B2D35D3A60068F13C = {
						CreatedOnToolsVersion = 16.1;
						TestTargetID = 522E00512D35D3A50068F13C;
					};
				};
			};
			buildConfigurationList = 522E004D2D35D3A40068F13C /* Build configuration list for PBXProject "Equipe 13 Lembretes APP" */;
			developmentRegion = en;
			hasScannedForEncodings = 0;
			knownRegions = (
				en,
				Base,
			);
			mainGroup = 522E00492D35D3A40068F13C;
			minimizedProjectReferenceProxies = 1;
			preferredProjectObjectVersion = 77;
			productRefGroup = 522E00532D35D3A50068F13C /* Products */;
			projectDirPath = "";
			projectRoot = "";
			targets = (
				522E00512D35D3A50068F13C /* Equipe 13 Lembretes APP */,
				522E00612D35D3A60068F13C /* Equipe 13 Lembretes APPTests */,
				522E006B2D35D3A60068F13C /* Equipe 13 Lembretes APPUITests */,
			);
		};
/* End PBXProject section */

/* Begin PBXResourcesBuildPhase section */
		522E00502D35D3A50068F13C /* Resources */ = {
			isa = PBXResourcesBuildPhase;
			buildActionMask = 2147483647;
			files = (
			);
			runOnlyForDeploymentPostprocessing = 0;
		};
		522E00602D35D3A60068F13C /* Resources */ = {
			isa = PBXResourcesBuildPhase;
			buildActionMask = 2147483647;
			files = (
			);
			runOnlyForDeploymentPostprocessing = 0;
		};
		522E006A2D35D3A60068F13C /* Resources */ = {
			isa = PBXResourcesBuildPhase;
			buildActionMask = 2147483647;
			files = (
			);
			runOnlyForDeploymentPostprocessing = 0;
		};
/* End PBXResourcesBuildPhase section */

/* Begin PBXSourcesBuildPhase section */
		522E004E2D35D3A50068F13C /* Sources */ = {
			isa = PBXSourcesBuildPhase;
			buildActionMask = 2147483647;
			files = (
			);
			runOnlyForDeploymentPostprocessing = 0;
		};
		522E005E2D35D3A60068F13C /* Sources */ = {
			isa = PBXSourcesBuildPhase;
			buildActionMask = 2147483647;
			files = (
			);
			runOnlyForDeploymentPostprocessing = 0;
		};
		522E00682D35D3A60068F13C /* Sources */ = {
			isa = PBXSourcesBuildPhase;
			buildActionMask = 2147483647;
			files = (
			);
			runOnlyForDeploymentPostprocessing = 0;
		};
/* End PBXSourcesBuildPhase section */

/* Begin PBXTargetDependency section */
		522E00642D35D3A60068F13C /* PBXTargetDependency */ = {
			isa = PBXTargetDependency;
			target = 522E00512D35D3A50068F13C /* Equipe 13 Lembretes APP */;
			targetProxy = 522E00632D35D3A60068F13C /* PBXContainerItemProxy */;
		};
		522E006E2D35D3A60068F13C /* PBXTargetDependency */ = {
			isa = PBXTargetDependency;
			target = 522E00512D35D3A50068F13C /* Equipe 13 Lembretes APP */;
			targetProxy = 522E006D2D35D3A60068F13C /* PBXContainerItemProxy */;
		};
/* End PBXTargetDependency section */

/* Begin XCBuildConfiguration section */
		522E00742D35D3A60068F13C /* Debug */ = {
			isa = XCBuildConfiguration;
			buildSettings = {
				ALWAYS_SEARCH_USER_PATHS = NO;
				ASSETCATALOG_COMPILER_GENERATE_SWIFT_ASSET_SYMBOL_EXTENSIONS = YES;
				CLANG_ANALYZER_NONNULL = YES;
				CLANG_ANALYZER_NUMBER_OBJECT_CONVERSION = YES_AGGRESSIVE;
				CLANG_CXX_LANGUAGE_STANDARD = "gnu++20";
				CLANG_ENABLE_MODULES = YES;
				CLANG_ENABLE_OBJC_ARC = YES;
				CLANG_ENABLE_OBJC_WEAK = YES;
				CLANG_WARN_BLOCK_CAPTURE_AUTORELEASING = YES;
				CLANG_WARN_BOOL_CONVERSION = YES;
				CLANG_WARN_COMMA = YES;
				CLANG_WARN_CONSTANT_CONVERSION = YES;
				CLANG_WARN_DEPRECATED_OBJC_IMPLEMENTATIONS = YES;
				CLANG_WARN_DIRECT_OBJC_ISA_USAGE = YES_ERROR;
				CLANG_WARN_DOCUMENTATION_COMMENTS = YES;
				CLANG_WARN_EMPTY_BODY = YES;
				CLANG_WARN_ENUM_CONVERSION = YES;
				CLANG_WARN_INFINITE_RECURSION = YES;
				CLANG_WARN_INT_CONVERSION = YES;
				CLANG_WARN_NON_LITERAL_NULL_CONVERSION = YES;
				CLANG_WARN_OBJC_IMPLICIT_RETAIN_SELF = YES;
				CLANG_WARN_OBJC_LITERAL_CONVERSION = YES;
				CLANG_WARN_OBJC_ROOT_CLASS = YES_ERROR;
				CLANG_WARN_QUOTED_INCLUDE_IN_FRAMEWORK_HEADER = YES;
				CLANG_WARN_RANGE_LOOP_ANALYSIS = YES;
				CLANG_WARN_STRICT_PROTOTYPES = YES;
				CLANG_WARN_SUSPICIOUS_MOVE = YES;
				CLANG_WARN_UNGUARDED_AVAILABILITY = YES_AGGRESSIVE;
				CLANG_WARN_UNREACHABLE_CODE = YES;
				CLANG_WARN__DUPLICATE_METHOD_MATCH = YES;
				COPY_PHASE_STRIP = NO;
				DEBUG_INFORMATION_FORMAT = dwarf;
				ENABLE_STRICT_OBJC_MSGSEND = YES;
				ENABLE_TESTABILITY = YES;
				ENABLE_USER_SCRIPT_SANDBOXING = YES;
				GCC_C_LANGUAGE_STANDARD = gnu17;
				GCC_DYNAMIC_NO_PIC = NO;
				GCC_NO_COMMON_BLOCKS = YES;
				GCC_OPTIMIZATION_LEVEL = 0;
				GCC_PREPROCESSOR_DEFINITIONS = (
					"DEBUG=1",
					"$(inherited)",
				);
				GCC_WARN_64_TO_32_BIT_CONVERSION = YES;
				GCC_WARN_ABOUT_RETURN_TYPE = YES_ERROR;
				GCC_WARN_UNDECLARED_SELECTOR = YES;
				GCC_WARN_UNINITIALIZED_AUTOS = YES_AGGRESSIVE;
				GCC_WARN_UNUSED_FUNCTION = YES;
				GCC_WARN_UNUSED_VARIABLE = YES;
				IPHONEOS_DEPLOYMENT_TARGET = 18.1;
				LOCALIZATION_PREFERS_STRING_CATALOGS = YES;
				MTL_ENABLE_DEBUG_INFO = INCLUDE_SOURCE;
				MTL_FAST_MATH = YES;
				ONLY_ACTIVE_ARCH = YES;
				SDKROOT = iphoneos;
				SWIFT_ACTIVE_COMPILATION_CONDITIONS = "DEBUG $(inherited)";
				SWIFT_OPTIMIZATION_LEVEL = "-Onone";
			};
			name = Debug;
		};
		522E00752D35D3A60068F13C /* Release */ = {
			isa = XCBuildConfiguration;
			buildSettings = {
				ALWAYS_SEARCH_USER_PATHS = NO;
				ASSETCATALOG_COMPILER_GENERATE_SWIFT_ASSET_SYMBOL_EXTENSIONS = YES;
				CLANG_ANALYZER_NONNULL = YES;
				CLANG_ANALYZER_NUMBER_OBJECT_CONVERSION = YES_AGGRESSIVE;
				CLANG_CXX_LANGUAGE_STANDARD = "gnu++20";
				CLANG_ENABLE_MODULES = YES;
				CLANG_ENABLE_OBJC_ARC = YES;
				CLANG_ENABLE_OBJC_WEAK = YES;
				CLANG_WARN_BLOCK_CAPTURE_AUTORELEASING = YES;
				CLANG_WARN_BOOL_CONVERSION = YES;
				CLANG_WARN_COMMA = YES;
				CLANG_WARN_CONSTANT_CONVERSION = YES;
				CLANG_WARN_DEPRECATED_OBJC_IMPLEMENTATIONS = YES;
				CLANG_WARN_DIRECT_OBJC_ISA_USAGE = YES_ERROR;
				CLANG_WARN_DOCUMENTATION_COMMENTS = YES;
				CLANG_WARN_EMPTY_BODY = YES;
				CLANG_WARN_ENUM_CONVERSION = YES;
				CLANG_WARN_INFINITE_RECURSION = YES;
				CLANG_WARN_INT_CONVERSION = YES;
				CLANG_WARN_NON_LITERAL_NULL_CONVERSION = YES;
				CLANG_WARN_OBJC_IMPLICIT_RETAIN_SELF = YES;
				CLANG_WARN_OBJC_LITERAL_CONVERSION = YES;
				CLANG_WARN_OBJC_ROOT_CLASS = YES_ERROR;
				CLANG_WARN_QUOTED_INCLUDE_IN_FRAMEWORK_HEADER = YES;
				CLANG_WARN_RANGE_LOOP_ANALYSIS = YES;
				CLANG_WARN_STRICT_PROTOTYPES = YES;
				CLANG_WARN_SUSPICIOUS_MOVE = YES;
				CLANG_WARN_UNGUARDED_AVAILABILITY = YES_AGGRESSIVE;
				CLANG_WARN_UNREACHABLE_CODE = YES;
				CLANG_WARN__DUPLICATE_METHOD_MATCH = YES;
				COPY_PHASE_STRIP = NO;
				DEBUG_INFORMATION_FORMAT = "dwarf-with-dsym";
				ENABLE_NS_ASSERTIONS = NO;
				ENABLE_STRICT_OBJC_MSGSEND = YES;
				ENABLE_USER_SCRIPT_SANDBOXING = YES;
				GCC_C_LANGUAGE_STANDARD = gnu17;
				GCC_NO_COMMON_BLOCKS = YES;
				GCC_WARN_64_TO_32_BIT_CONVERSION = YES;
				GCC_WARN_ABOUT_RETURN_TYPE = YES_ERROR;
				GCC_WARN_UNDECLARED_SELECTOR = YES;
				GCC_WARN_UNINITIALIZED_AUTOS = YES_AGGRESSIVE;
				GCC_WARN_UNUSED_FUNCTION = YES;
				GCC_WARN_UNUSED_VARIABLE = YES;
				IPHONEOS_DEPLOYMENT_TARGET = 18.1;
				LOCALIZATION_PREFERS_STRING_CATALOGS = YES;
				MTL_ENABLE_DEBUG_INFO = NO;
				MTL_FAST_MATH = YES;
				SDKROOT = iphoneos;
				SWIFT_COMPILATION_MODE = wholemodule;
				VALIDATE_PRODUCT = YES;
			};
			name = Release;
		};
		522E00772D35D3A60068F13C /* Debug */ = {
			isa = XCBuildConfiguration;
			buildSettings = {
				ASSETCATALOG_COMPILER_APPICON_NAME = AppIcon;
				ASSETCATALOG_COMPILER_GLOBAL_ACCENT_COLOR_NAME = AccentColor;
				CODE_SIGN_STYLE = Automatic;
				CURRENT_PROJECT_VERSION = 1;
				DEVELOPMENT_ASSET_PATHS = "\"Equipe 13 Lembretes APP/Preview Content\"";
				ENABLE_PREVIEWS = YES;
				GENERATE_INFOPLIST_FILE = YES;
				INFOPLIST_KEY_UIApplicationSceneManifest_Generation = YES;
				INFOPLIST_KEY_UIApplicationSupportsIndirectInputEvents = YES;
				INFOPLIST_KEY_UILaunchScreen_Generation = YES;
				INFOPLIST_KEY_UISupportedInterfaceOrientations_iPad = "UIInterfaceOrientationPortrait UIInterfaceOrientationPortraitUpsideDown UIInterfaceOrientationLandscapeLeft UIInterfaceOrientationLandscapeRight";
				INFOPLIST_KEY_UISupportedInterfaceOrientations_iPhone = "UIInterfaceOrientationPortrait UIInterfaceOrientationLandscapeLeft UIInterfaceOrientationLandscapeRight";
				LD_RUNPATH_SEARCH_PATHS = (
					"$(inherited)",
					"@executable_path/Frameworks",
				);
				MARKETING_VERSION = 1.0;
				PRODUCT_BUNDLE_IDENTIFIER = "Equipe-13.Equipe-13-Lembretes-APP";
				PRODUCT_NAME = "$(TARGET_NAME)";
				SWIFT_EMIT_LOC_STRINGS = YES;
				SWIFT_VERSION = 5.0;
				TARGETED_DEVICE_FAMILY = "1,2";
			};
			name = Debug;
		};
		522E00782D35D3A60068F13C /* Release */ = {
			isa = XCBuildConfiguration;
			buildSettings = {
				ASSETCATALOG_COMPILER_APPICON_NAME = AppIcon;
				ASSETCATALOG_COMPILER_GLOBAL_ACCENT_COLOR_NAME = AccentColor;
				CODE_SIGN_STYLE = Automatic;
				CURRENT_PROJECT_VERSION = 1;
				DEVELOPMENT_ASSET_PATHS = "\"Equipe 13 Lembretes APP/Preview Content\"";
				ENABLE_PREVIEWS = YES;
				GENERATE_INFOPLIST_FILE = YES;
				INFOPLIST_KEY_UIApplicationSceneManifest_Generation = YES;
				INFOPLIST_KEY_UIApplicationSupportsIndirectInputEvents = YES;
				INFOPLIST_KEY_UILaunchScreen_Generation = YES;
				INFOPLIST_KEY_UISupportedInterfaceOrientations_iPad = "UIInterfaceOrientationPortrait UIInterfaceOrientationPortraitUpsideDown UIInterfaceOrientationLandscapeLeft UIInterfaceOrientationLandscapeRight";
				INFOPLIST_KEY_UISupportedInterfaceOrientations_iPhone = "UIInterfaceOrientationPortrait UIInterfaceOrientationLandscapeLeft UIInterfaceOrientationLandscapeRight";
				LD_RUNPATH_SEARCH_PATHS = (
					"$(inherited)",
					"@executable_path/Frameworks",
				);
				MARKETING_VERSION = 1.0;
				PRODUCT_BUNDLE_IDENTIFIER = "Equipe-13.Equipe-13-Lembretes-APP";
				PRODUCT_NAME = "$(TARGET_NAME)";
				SWIFT_EMIT_LOC_STRINGS = YES;
				SWIFT_VERSION = 5.0;
				TARGETED_DEVICE_FAMILY = "1,2";
			};
			name = Release;
		};
		522E007A2D35D3A60068F13C /* Debug */ = {
			isa = XCBuildConfiguration;
			buildSettings = {
				BUNDLE_LOADER = "$(TEST_HOST)";
				CODE_SIGN_STYLE = Automatic;
				CURRENT_PROJECT_VERSION = 1;
				GENERATE_INFOPLIST_FILE = YES;
				IPHONEOS_DEPLOYMENT_TARGET = 18.1;
				MARKETING_VERSION = 1.0;
				PRODUCT_BUNDLE_IDENTIFIER = "Equipe-13.Equipe-13-Lembretes-APPTests";
				PRODUCT_NAME = "$(TARGET_NAME)";
				SWIFT_EMIT_LOC_STRINGS = NO;
				SWIFT_VERSION = 5.0;
				TARGETED_DEVICE_FAMILY = "1,2";
				TEST_HOST = "$(BUILT_PRODUCTS_DIR)/Equipe 13 Lembretes APP.app/$(BUNDLE_EXECUTABLE_FOLDER_PATH)/Equipe 13 Lembretes APP";
			};
			name = Debug;
		};
		522E007B2D35D3A60068F13C /* Release */ = {
			isa = XCBuildConfiguration;
			buildSettings = {
				BUNDLE_LOADER = "$(TEST_HOST)";
				CODE_SIGN_STYLE = Automatic;
				CURRENT_PROJECT_VERSION = 1;
				GENERATE_INFOPLIST_FILE = YES;
				IPHONEOS_DEPLOYMENT_TARGET = 18.1;
				MARKETING_VERSION = 1.0;
				PRODUCT_BUNDLE_IDENTIFIER = "Equipe-13.Equipe-13-Lembretes-APPTests";
				PRODUCT_NAME = "$(TARGET_NAME)";
				SWIFT_EMIT_LOC_STRINGS = NO;
				SWIFT_VERSION = 5.0;
				TARGETED_DEVICE_FAMILY = "1,2";
				TEST_HOST = "$(BUILT_PRODUCTS_DIR)/Equipe 13 Lembretes APP.app/$(BUNDLE_EXECUTABLE_FOLDER_PATH)/Equipe 13 Lembretes APP";
			};
			name = Release;
		};
		522E007D2D35D3A60068F13C /* Debug */ = {
			isa = XCBuildConfiguration;
			buildSettings = {
				CODE_SIGN_STYLE = Automatic;
				CURRENT_PROJECT_VERSION = 1;
				GENERATE_INFOPLIST_FILE = YES;
				MARKETING_VERSION = 1.0;
				PRODUCT_BUNDLE_IDENTIFIER = "Equipe-13.Equipe-13-Lembretes-APPUITests";
				PRODUCT_NAME = "$(TARGET_NAME)";
				SWIFT_EMIT_LOC_STRINGS = NO;
				SWIFT_VERSION = 5.0;
				TARGETED_DEVICE_FAMILY = "1,2";
				TEST_TARGET_NAME = "Equipe 13 Lembretes APP";
			};
			name = Debug;
		};
		522E007E2D35D3A60068F13C /* Release */ = {
			isa = XCBuildConfiguration;
			buildSettings = {
				CODE_SIGN_STYLE = Automatic;
				CURRENT_PROJECT_VERSION = 1;
				GENERATE_INFOPLIST_FILE = YES;
				MARKETING_VERSION = 1.0;
				PRODUCT_BUNDLE_IDENTIFIER = "Equipe-13.Equipe-13-Lembretes-APPUITests";
				PRODUCT_NAME = "$(TARGET_NAME)";
				SWIFT_EMIT_LOC_STRINGS = NO;
				SWIFT_VERSION = 5.0;
				TARGETED_DEVICE_FAMILY = "1,2";
				TEST_TARGET_NAME = "Equipe 13 Lembretes APP";
			};
			name = Release;
		};
/* End XCBuildConfiguration section */

/* Begin XCConfigurationList section */
		522E004D2D35D3A40068F13C /* Build configuration list for PBXProject "Equipe 13 Lembretes APP" */ = {
			isa = XCConfigurationList;
			buildConfigurations = (
				522E00742D35D3A60068F13C /* Debug */,
				522E00752D35D3A60068F13C /* Release */,
			);
			defaultConfigurationIsVisible = 0;
			defaultConfigurationName = Release;
		};
		522E00762D35D3A60068F13C /* Build configuration list for PBXNativeTarget "Equipe 13 Lembretes APP" */ = {
			isa = XCConfigurationList;
			buildConfigurations = (
				522E00772D35D3A60068F13C /* Debug */,
				522E00782D35D3A60068F13C /* Release */,
			);
			defaultConfigurationIsVisible = 0;
			defaultConfigurationName = Release;
		};
		522E00792D35D3A60068F13C /* Build configuration list for PBXNativeTarget "Equipe 13 Lembretes APPTests" */ = {
			isa = XCConfigurationList;
			buildConfigurations = (
				522E007A2D35D3A60068F13C /* Debug */,
				522E007B2D35D3A60068F13C /* Release */,
			);
			defaultConfigurationIsVisible = 0;
			defaultConfigurationName = Release;
		};
		522E007C2D35D3A60068F13C /* Build configuration list for PBXNativeTarget "Equipe 13 Lembretes APPUITests" */ = {
			isa = XCConfigurationList;
			buildConfigurations = (
				522E007D2D35D3A60068F13C /* Debug */,
				522E007E2D35D3A60068F13C /* Release */,
			);
			defaultConfigurationIsVisible = 0;
			defaultConfigurationName = Release;
		};
/* End XCConfigurationList section */
	};
	rootObject = 522E004A2D35D3A40068F13C /* Project object */;
}
